// !$*UTF8*$!
{
	archiveVersion = 1;
	classes = {
	};
	objectVersion = 46;
	objects = {

/* Begin PBXBuildFile section */
		6438AD7C17FC42FB0073F0E6 /* Foundation.framework in Frameworks */ = {isa = PBXBuildFile; fileRef = 6438AD7B17FC42FB0073F0E6 /* Foundation.framework */; };
		6438AD8117FC42FB0073F0E6 /* CRAnimationTabBar.h in CopyFiles */ = {isa = PBXBuildFile; fileRef = 6438AD8017FC42FB0073F0E6 /* CRAnimationTabBar.h */; };
		6438AD8317FC42FB0073F0E6 /* CRAnimationTabBar.m in Sources */ = {isa = PBXBuildFile; fileRef = 6438AD8217FC42FB0073F0E6 /* CRAnimationTabBar.m */; };
		6438AD8A17FC42FB0073F0E6 /* XCTest.framework in Frameworks */ = {isa = PBXBuildFile; fileRef = 6438AD8917FC42FB0073F0E6 /* XCTest.framework */; };
		6438AD8B17FC42FB0073F0E6 /* Foundation.framework in Frameworks */ = {isa = PBXBuildFile; fileRef = 6438AD7B17FC42FB0073F0E6 /* Foundation.framework */; };
		6438AD8D17FC42FB0073F0E6 /* UIKit.framework in Frameworks */ = {isa = PBXBuildFile; fileRef = 6438AD8C17FC42FB0073F0E6 /* UIKit.framework */; };
		6438AD9017FC42FB0073F0E6 /* libCRAnimationTabBar.a in Frameworks */ = {isa = PBXBuildFile; fileRef = 6438AD7817FC42FB0073F0E6 /* libCRAnimationTabBar.a */; };
		6438AD9617FC42FB0073F0E6 /* InfoPlist.strings in Resources */ = {isa = PBXBuildFile; fileRef = 6438AD9417FC42FB0073F0E6 /* InfoPlist.strings */; };
		6438AD9817FC42FB0073F0E6 /* CRAnimationTabBarTests.m in Sources */ = {isa = PBXBuildFile; fileRef = 6438AD9717FC42FB0073F0E6 /* CRAnimationTabBarTests.m */; };
/* End PBXBuildFile section */

/* Begin PBXContainerItemProxy section */
		6438AD8E17FC42FB0073F0E6 /* PBXContainerItemProxy */ = {
			isa = PBXContainerItemProxy;
			containerPortal = 6438AD7017FC42FA0073F0E6 /* Project object */;
			proxyType = 1;
			remoteGlobalIDString = 6438AD7717FC42FB0073F0E6;
			remoteInfo = CRAnimationTabBar;
		};
/* End PBXContainerItemProxy section */

/* Begin PBXCopyFilesBuildPhase section */
		6438AD7617FC42FB0073F0E6 /* CopyFiles */ = {
			isa = PBXCopyFilesBuildPhase;
			buildActionMask = 2147483647;
			dstPath = "include/$(PRODUCT_NAME)";
			dstSubfolderSpec = 16;
			files = (
				6438AD8117FC42FB0073F0E6 /* CRAnimationTabBar.h in CopyFiles */,
			);
			runOnlyForDeploymentPostprocessing = 0;
		};
/* End PBXCopyFilesBuildPhase section */

/* Begin PBXFileReference section */
		6438AD7817FC42FB0073F0E6 /* libCRAnimationTabBar.a */ = {isa = PBXFileReference; explicitFileType = archive.ar; includeInIndex = 0; path = libCRAnimationTabBar.a; sourceTree = BUILT_PRODUCTS_DIR; };
		6438AD7B17FC42FB0073F0E6 /* Foundation.framework */ = {isa = PBXFileReference; lastKnownFileType = wrapper.framework; name = Foundation.framework; path = System/Library/Frameworks/Foundation.framework; sourceTree = SDKROOT; };
		6438AD7F17FC42FB0073F0E6 /* CRAnimationTabBar-Prefix.pch */ = {isa = PBXFileReference; lastKnownFileType = sourcecode.c.h; path = "CRAnimationTabBar-Prefix.pch"; sourceTree = "<group>"; };
		6438AD8017FC42FB0073F0E6 /* CRAnimationTabBar.h */ = {isa = PBXFileReference; lastKnownFileType = sourcecode.c.h; path = CRAnimationTabBar.h; sourceTree = "<group>"; };
		6438AD8217FC42FB0073F0E6 /* CRAnimationTabBar.m */ = {isa = PBXFileReference; lastKnownFileType = sourcecode.c.objc; path = CRAnimationTabBar.m; sourceTree = "<group>"; };
		6438AD8817FC42FB0073F0E6 /* CRAnimationTabBarTests.xctest */ = {isa = PBXFileReference; explicitFileType = wrapper.cfbundle; includeInIndex = 0; path = CRAnimationTabBarTests.xctest; sourceTree = BUILT_PRODUCTS_DIR; };
		6438AD8917FC42FB0073F0E6 /* XCTest.framework */ = {isa = PBXFileReference; lastKnownFileType = wrapper.framework; name = XCTest.framework; path = Library/Frameworks/XCTest.framework; sourceTree = DEVELOPER_DIR; };
		6438AD8C17FC42FB0073F0E6 /* UIKit.framework */ = {isa = PBXFileReference; lastKnownFileType = wrapper.framework; name = UIKit.framework; path = Library/Frameworks/UIKit.framework; sourceTree = DEVELOPER_DIR; };
		6438AD9317FC42FB0073F0E6 /* CRAnimationTabBarTests-Info.plist */ = {isa = PBXFileReference; lastKnownFileType = text.plist.xml; path = "CRAnimationTabBarTests-Info.plist"; sourceTree = "<group>"; };
		6438AD9517FC42FB0073F0E6 /* en */ = {isa = PBXFileReference; lastKnownFileType = text.plist.strings; name = en; path = en.lproj/InfoPlist.strings; sourceTree = "<group>"; };
		6438AD9717FC42FB0073F0E6 /* CRAnimationTabBarTests.m */ = {isa = PBXFileReference; lastKnownFileType = sourcecode.c.objc; path = CRAnimationTabBarTests.m; sourceTree = "<group>"; };
/* End PBXFileReference section */

/* Begin PBXFrameworksBuildPhase section */
		6438AD7517FC42FB0073F0E6 /* Frameworks */ = {
			isa = PBXFrameworksBuildPhase;
			buildActionMask = 2147483647;
			files = (
				6438AD7C17FC42FB0073F0E6 /* Foundation.framework in Frameworks */,
			);
			runOnlyForDeploymentPostprocessing = 0;
		};
		6438AD8517FC42FB0073F0E6 /* Frameworks */ = {
			isa = PBXFrameworksBuildPhase;
			buildActionMask = 2147483647;
			files = (
				6438AD8A17FC42FB0073F0E6 /* XCTest.framework in Frameworks */,
				6438AD9017FC42FB0073F0E6 /* libCRAnimationTabBar.a in Frameworks */,
				6438AD8D17FC42FB0073F0E6 /* UIKit.framework in Frameworks */,
				6438AD8B17FC42FB0073F0E6 /* Foundation.framework in Frameworks */,
			);
			runOnlyForDeploymentPostprocessing = 0;
		};
/* End PBXFrameworksBuildPhase section */

/* Begin PBXGroup section */
		6438AD6F17FC42FA0073F0E6 = {
			isa = PBXGroup;
			children = (
				6438AD7D17FC42FB0073F0E6 /* CRAnimationTabBar */,
				6438AD9117FC42FB0073F0E6 /* CRAnimationTabBarTests */,
				6438AD7A17FC42FB0073F0E6 /* Frameworks */,
				6438AD7917FC42FB0073F0E6 /* Products */,
			);
			sourceTree = "<group>";
		};
		6438AD7917FC42FB0073F0E6 /* Products */ = {
			isa = PBXGroup;
			children = (
				6438AD7817FC42FB0073F0E6 /* libCRAnimationTabBar.a */,
				6438AD8817FC42FB0073F0E6 /* CRAnimationTabBarTests.xctest */,
			);
			name = Products;
			sourceTree = "<group>";
		};
		6438AD7A17FC42FB0073F0E6 /* Frameworks */ = {
			isa = PBXGroup;
			children = (
				6438AD7B17FC42FB0073F0E6 /* Foundation.framework */,
				6438AD8917FC42FB0073F0E6 /* XCTest.framework */,
				6438AD8C17FC42FB0073F0E6 /* UIKit.framework */,
			);
			name = Frameworks;
			sourceTree = "<group>";
		};
		6438AD7D17FC42FB0073F0E6 /* CRAnimationTabBar */ = {
			isa = PBXGroup;
			children = (
				6438AD8017FC42FB0073F0E6 /* CRAnimationTabBar.h */,
				6438AD8217FC42FB0073F0E6 /* CRAnimationTabBar.m */,
				6438AD7E17FC42FB0073F0E6 /* Supporting Files */,
			);
			path = CRAnimationTabBar;
			sourceTree = "<group>";
		};
		6438AD7E17FC42FB0073F0E6 /* Supporting Files */ = {
			isa = PBXGroup;
			children = (
				6438AD7F17FC42FB0073F0E6 /* CRAnimationTabBar-Prefix.pch */,
			);
			name = "Supporting Files";
			sourceTree = "<group>";
		};
		6438AD9117FC42FB0073F0E6 /* CRAnimationTabBarTests */ = {
			isa = PBXGroup;
			children = (
				6438AD9717FC42FB0073F0E6 /* CRAnimationTabBarTests.m */,
				6438AD9217FC42FB0073F0E6 /* Supporting Files */,
			);
			path = CRAnimationTabBarTests;
			sourceTree = "<group>";
		};
		6438AD9217FC42FB0073F0E6 /* Supporting Files */ = {
			isa = PBXGroup;
			children = (
				6438AD9317FC42FB0073F0E6 /* CRAnimationTabBarTests-Info.plist */,
				6438AD9417FC42FB0073F0E6 /* InfoPlist.strings */,
			);
			name = "Supporting Files";
			sourceTree = "<group>";
		};
/* End PBXGroup section */

/* Begin PBXNativeTarget section */
		6438AD7717FC42FB0073F0E6 /* CRAnimationTabBar */ = {
			isa = PBXNativeTarget;
			buildConfigurationList = 6438AD9B17FC42FB0073F0E6 /* Build configuration list for PBXNativeTarget "CRAnimationTabBar" */;
			buildPhases = (
				6438AD7417FC42FB0073F0E6 /* Sources */,
				6438AD7517FC42FB0073F0E6 /* Frameworks */,
				6438AD7617FC42FB0073F0E6 /* CopyFiles */,
			);
			buildRules = (
			);
			dependencies = (
			);
			name = CRAnimationTabBar;
			productName = CRAnimationTabBar;
			productReference = 6438AD7817FC42FB0073F0E6 /* libCRAnimationTabBar.a */;
			productType = "com.apple.product-type.library.static";
		};
		6438AD8717FC42FB0073F0E6 /* CRAnimationTabBarTests */ = {
			isa = PBXNativeTarget;
			buildConfigurationList = 6438AD9E17FC42FB0073F0E6 /* Build configuration list for PBXNativeTarget "CRAnimationTabBarTests" */;
			buildPhases = (
				6438AD8417FC42FB0073F0E6 /* Sources */,
				6438AD8517FC42FB0073F0E6 /* Frameworks */,
				6438AD8617FC42FB0073F0E6 /* Resources */,
			);
			buildRules = (
			);
			dependencies = (
				6438AD8F17FC42FB0073F0E6 /* PBXTargetDependency */,
			);
			name = CRAnimationTabBarTests;
			productName = CRAnimationTabBarTests;
			productReference = 6438AD8817FC42FB0073F0E6 /* CRAnimationTabBarTests.xctest */;
			productType = "com.apple.product-type.bundle.unit-test";
		};
/* End PBXNativeTarget section */

/* Begin PBXProject section */
		6438AD7017FC42FA0073F0E6 /* Project object */ = {
			isa = PBXProject;
			attributes = {
				LastUpgradeCheck = 0500;
				ORGANIZATIONNAME = "Tomoya Igarashi";
			};
			buildConfigurationList = 6438AD7317FC42FA0073F0E6 /* Build configuration list for PBXProject "CRAnimationTabBar" */;
			compatibilityVersion = "Xcode 3.2";
			developmentRegion = English;
			hasScannedForEncodings = 0;
			knownRegions = (
				en,
			);
			mainGroup = 6438AD6F17FC42FA0073F0E6;
			productRefGroup = 6438AD7917FC42FB0073F0E6 /* Products */;
			projectDirPath = "";
			projectRoot = "";
			targets = (
				6438AD7717FC42FB0073F0E6 /* CRAnimationTabBar */,
				6438AD8717FC42FB0073F0E6 /* CRAnimationTabBarTests */,
			);
		};
/* End PBXProject section */

/* Begin PBXResourcesBuildPhase section */
		6438AD8617FC42FB0073F0E6 /* Resources */ = {
			isa = PBXResourcesBuildPhase;
			buildActionMask = 2147483647;
			files = (
				6438AD9617FC42FB0073F0E6 /* InfoPlist.strings in Resources */,
			);
			runOnlyForDeploymentPostprocessing = 0;
		};
/* End PBXResourcesBuildPhase section */

/* Begin PBXSourcesBuildPhase section */
		6438AD7417FC42FB0073F0E6 /* Sources */ = {
			isa = PBXSourcesBuildPhase;
			buildActionMask = 2147483647;
			files = (
				6438AD8317FC42FB0073F0E6 /* CRAnimationTabBar.m in Sources */,
			);
			runOnlyForDeploymentPostprocessing = 0;
		};
		6438AD8417FC42FB0073F0E6 /* Sources */ = {
			isa = PBXSourcesBuildPhase;
			buildActionMask = 2147483647;
			files = (
				6438AD9817FC42FB0073F0E6 /* CRAnimationTabBarTests.m in Sources */,
			);
			runOnlyForDeploymentPostprocessing = 0;
		};
/* End PBXSourcesBuildPhase section */

/* Begin PBXTargetDependency section */
		6438AD8F17FC42FB0073F0E6 /* PBXTargetDependency */ = {
			isa = PBXTargetDependency;
			target = 6438AD7717FC42FB0073F0E6 /* CRAnimationTabBar */;
			targetProxy = 6438AD8E17FC42FB0073F0E6 /* PBXContainerItemProxy */;
		};
/* End PBXTargetDependency section */

/* Begin PBXVariantGroup section */
		6438AD9417FC42FB0073F0E6 /* InfoPlist.strings */ = {
			isa = PBXVariantGroup;
			children = (
				6438AD9517FC42FB0073F0E6 /* en */,
			);
			name = InfoPlist.strings;
			sourceTree = "<group>";
		};
/* End PBXVariantGroup section */

/* Begin XCBuildConfiguration section */
		6438AD9917FC42FB0073F0E6 /* Debug */ = {
			isa = XCBuildConfiguration;
			buildSettings = {
				ALWAYS_SEARCH_USER_PATHS = NO;
				ARCHS = "$(ARCHS_STANDARD_INCLUDING_64_BIT)";
				CLANG_CXX_LANGUAGE_STANDARD = "gnu++0x";
				CLANG_CXX_LIBRARY = "libc++";
				CLANG_ENABLE_MODULES = YES;
				CLANG_ENABLE_OBJC_ARC = YES;
				CLANG_WARN_BOOL_CONVERSION = YES;
				CLANG_WARN_CONSTANT_CONVERSION = YES;
				CLANG_WARN_DIRECT_OBJC_ISA_USAGE = YES_ERROR;
				CLANG_WARN_EMPTY_BODY = YES;
				CLANG_WARN_ENUM_CONVERSION = YES;
				CLANG_WARN_INT_CONVERSION = YES;
				CLANG_WARN_OBJC_ROOT_CLASS = YES_ERROR;
				CLANG_WARN__DUPLICATE_METHOD_MATCH = YES;
				COPY_PHASE_STRIP = NO;
				GCC_C_LANGUAGE_STANDARD = gnu99;
				GCC_DYNAMIC_NO_PIC = NO;
				GCC_OPTIMIZATION_LEVEL = 0;
				GCC_PREPROCESSOR_DEFINITIONS = (
					"DEBUG=1",
					"$(inherited)",
				);
				GCC_SYMBOLS_PRIVATE_EXTERN = NO;
				GCC_WARN_64_TO_32_BIT_CONVERSION = YES;
				GCC_WARN_ABOUT_RETURN_TYPE = YES_ERROR;
				GCC_WARN_UNDECLARED_SELECTOR = YES;
				GCC_WARN_UNINITIALIZED_AUTOS = YES;
				GCC_WARN_UNUSED_FUNCTION = YES;
				GCC_WARN_UNUSED_VARIABLE = YES;
				IPHONEOS_DEPLOYMENT_TARGET = 5.1;
				ONLY_ACTIVE_ARCH = YES;
				SDKROOT = iphoneos;
			};
			name = Debug;
		};
		6438AD9A17FC42FB0073F0E6 /* Release */ = {
			isa = XCBuildConfiguration;
			buildSettings = {
				ALWAYS_SEARCH_USER_PATHS = NO;
				ARCHS = "$(ARCHS_STANDARD_INCLUDING_64_BIT)";
				CLANG_CXX_LANGUAGE_STANDARD = "gnu++0x";
				CLANG_CXX_LIBRARY = "libc++";
				CLANG_ENABLE_MODULES = YES;
				CLANG_ENABLE_OBJC_ARC = YES;
				CLANG_WARN_BOOL_CONVERSION = YES;
				CLANG_WARN_CONSTANT_CONVERSION = YES;
				CLANG_WARN_DIRECT_OBJC_ISA_USAGE = YES_ERROR;
				CLANG_WARN_EMPTY_BODY = YES;
				CLANG_WARN_ENUM_CONVERSION = YES;
				CLANG_WARN_INT_CONVERSION = YES;
				CLANG_WARN_OBJC_ROOT_CLASS = YES_ERROR;
				CLANG_WARN__DUPLICATE_METHOD_MATCH = YES;
				COPY_PHASE_STRIP = YES;
				ENABLE_NS_ASSERTIONS = NO;
				GCC_C_LANGUAGE_STANDARD = gnu99;
				GCC_WARN_64_TO_32_BIT_CONVERSION = YES;
				GCC_WARN_ABOUT_RETURN_TYPE = YES_ERROR;
				GCC_WARN_UNDECLARED_SELECTOR = YES;
				GCC_WARN_UNINITIALIZED_AUTOS = YES;
				GCC_WARN_UNUSED_FUNCTION = YES;
				GCC_WARN_UNUSED_VARIABLE = YES;
				IPHONEOS_DEPLOYMENT_TARGET = 5.1;
				SDKROOT = iphoneos;
				VALIDATE_PRODUCT = YES;
			};
			name = Release;
		};
		6438AD9C17FC42FB0073F0E6 /* Debug */ = {
			isa = XCBuildConfiguration;
			buildSettings = {
				DSTROOT = /tmp/CRAnimationTabBar.dst;
				GCC_PRECOMPILE_PREFIX_HEADER = YES;
				GCC_PREFIX_HEADER = "CRAnimationTabBar/CRAnimationTabBar-Prefix.pch";
				OTHER_LDFLAGS = "-ObjC";
				PRODUCT_NAME = "$(TARGET_NAME)";
				SKIP_INSTALL = YES;
			};
			name = Debug;
		};
		6438AD9D17FC42FB0073F0E6 /* Release */ = {
			isa = XCBuildConfiguration;
			buildSettings = {
				DSTROOT = /tmp/CRAnimationTabBar.dst;
				GCC_PRECOMPILE_PREFIX_HEADER = YES;
				GCC_PREFIX_HEADER = "CRAnimationTabBar/CRAnimationTabBar-Prefix.pch";
				OTHER_LDFLAGS = "-ObjC";
				PRODUCT_NAME = "$(TARGET_NAME)";
				SKIP_INSTALL = YES;
			};
			name = Release;
		};
		6438AD9F17FC42FB0073F0E6 /* Debug */ = {
			isa = XCBuildConfiguration;
			buildSettings = {
				ARCHS = "$(ARCHS_STANDARD_INCLUDING_64_BIT)";
				FRAMEWORK_SEARCH_PATHS = (
					"$(SDKROOT)/Developer/Library/Frameworks",
					"$(inherited)",
					"$(DEVELOPER_FRAMEWORKS_DIR)",
				);
				GCC_PRECOMPILE_PREFIX_HEADER = YES;
				GCC_PREFIX_HEADER = "CRAnimationTabBar/CRAnimationTabBar-Prefix.pch";
				GCC_PREPROCESSOR_DEFINITIONS = (
					"DEBUG=1",
					"$(inherited)",
				);
				INFOPLIST_FILE = "CRAnimationTabBarTests/CRAnimationTabBarTests-Info.plist";
				PRODUCT_NAME = "$(TARGET_NAME)";
				WRAPPER_EXTENSION = xctest;
			};
			name = Debug;
		};
		6438ADA017FC42FB0073F0E6 /* Release */ = {
			isa = XCBuildConfiguration;
			buildSettings = {
				ARCHS = "$(ARCHS_STANDARD_INCLUDING_64_BIT)";
				FRAMEWORK_SEARCH_PATHS = (
					"$(SDKROOT)/Developer/Library/Frameworks",
					"$(inherited)",
					"$(DEVELOPER_FRAMEWORKS_DIR)",
				);
				GCC_PRECOMPILE_PREFIX_HEADER = YES;
				GCC_PREFIX_HEADER = "CRAnimationTabBar/CRAnimationTabBar-Prefix.pch";
				INFOPLIST_FILE = "CRAnimationTabBarTests/CRAnimationTabBarTests-Info.plist";
				PRODUCT_NAME = "$(TARGET_NAME)";
				WRAPPER_EXTENSION = xctest;
			};
			name = Release;
		};
/* End XCBuildConfiguration section */

/* Begin XCConfigurationList section */
		6438AD7317FC42FA0073F0E6 /* Build configuration list for PBXProject "CRAnimationTabBar" */ = {
			isa = XCConfigurationList;
			buildConfigurations = (
				6438AD9917FC42FB0073F0E6 /* Debug */,
				6438AD9A17FC42FB0073F0E6 /* Release */,
			);
			defaultConfigurationIsVisible = 0;
			defaultConfigurationName = Release;
		};
		6438AD9B17FC42FB0073F0E6 /* Build configuration list for PBXNativeTarget "CRAnimationTabBar" */ = {
			isa = XCConfigurationList;
			buildConfigurations = (
				6438AD9C17FC42FB0073F0E6 /* Debug */,
				6438AD9D17FC42FB0073F0E6 /* Release */,
			);
			defaultConfigurationIsVisible = 0;
		};
		6438AD9E17FC42FB0073F0E6 /* Build configuration list for PBXNativeTarget "CRAnimationTabBarTests" */ = {
			isa = XCConfigurationList;
			buildConfigurations = (
				6438AD9F17FC42FB0073F0E6 /* Debug */,
				6438ADA017FC42FB0073F0E6 /* Release */,
			);
			defaultConfigurationIsVisible = 0;
		};
/* End XCConfigurationList section */
	};
	rootObject = 6438AD7017FC42FA0073F0E6 /* Project object */;
}
